
Microsoft Visual Studio Solution File, Format Version 12.00
# Visual Studio Version 16
VisualStudioVersion = 16.0.32510.428
MinimumVisualStudioVersion = 10.0.40219.1
Project("{FAE04EC0-301F-11D3-BF4B-00C04F79EFBC}") = "TerraDotta_API", "TerraDotta_API\TerraDotta_API.csproj", "{DDA47550-E2F3-40B5-84B5-11A45C13B018}"
EndProject
Project("{2150E333-8FDC-42A3-9474-1A3956D46DE8}") = "BusinessEntities", "BusinessEntities", "{42583E91-48BD-4C99-8BEB-65EBF403737F}"
EndProject
Project("{2150E333-8FDC-42A3-9474-1A3956D46DE8}") = "Core", "Core", "{8F6DBD2D-CCE7-4EB7-9FAC-116404AA6B78}"
EndProject
Project("{2150E333-8FDC-42A3-9474-1A3956D46DE8}") = "Manager", "Manager", "{5C9AD501-2497-4EFD-ABAD-E020C15AFEDE}"
EndProject
Project("{2150E333-8FDC-42A3-9474-1A3956D46DE8}") = "Repository", "Repository", "{A2984FFA-8403-4FE1-8D5A-A5DC4D379F8D}"
EndProject
Project("{FAE04EC0-301F-11D3-BF4B-00C04F79EFBC}") = "TerraDotta_Manager", "TerraDotta_Manager\TerraDotta_Manager.csproj", "{C077C31C-95A3-4FE8-90B3-040B481A0D26}"
EndProject
Project("{FAE04EC0-301F-11D3-BF4B-00C04F79EFBC}") = "TerraDotta_Repository", "TerraDotta_Repository\TerraDotta_Repository.csproj", "{8CA705D1-5B10-487B-B164-3654CC98F535}"
EndProject
Project("{FAE04EC0-301F-11D3-BF4B-00C04F79EFBC}") = "TerraDotta_BusinessEntities", "TerraDotta_BusinessEntities\TerraDotta_BusinessEntities.csproj", "{E79EB8C1-FA30-449D-BFE2-B5A5BE004A2F}"
EndProject
Global
	GlobalSection(SolutionConfigurationPlatforms) = preSolution
		Debug|Any CPU = Debug|Any CPU
		Release|Any CPU = Release|Any CPU
	EndGlobalSection
	GlobalSection(ProjectConfigurationPlatforms) = postSolution
		{DDA47550-E2F3-40B5-84B5-11A45C13B018}.Debug|Any CPU.ActiveCfg = Debug|Any CPU
		{DDA47550-E2F3-40B5-84B5-11A45C13B018}.Debug|Any CPU.Build.0 = Debug|Any CPU
		{DDA47550-E2F3-40B5-84B5-11A45C13B018}.Release|Any CPU.ActiveCfg = Release|Any CPU
		{DDA47550-E2F3-40B5-84B5-11A45C13B018}.Release|Any CPU.Build.0 = Release|Any CPU
		{C077C31C-95A3-4FE8-90B3-040B481A0D26}.Debug|Any CPU.ActiveCfg = Debug|Any CPU
		{C077C31C-95A3-4FE8-90B3-040B481A0D26}.Debug|Any CPU.Build.0 = Debug|Any CPU
		{C077C31C-95A3-4FE8-90B3-040B481A0D26}.Release|Any CPU.ActiveCfg = Release|Any CPU
		{C077C31C-95A3-4FE8-90B3-040B481A0D26}.Release|Any CPU.Build.0 = Release|Any CPU
		{8CA705D1-5B10-487B-B164-3654CC98F535}.Debug|Any CPU.ActiveCfg = Debug|Any CPU
		{8CA705D1-5B10-487B-B164-3654CC98F535}.Debug|Any CPU.Build.0 = Debug|Any CPU
		{8CA705D1-5B10-487B-B164-3654CC98F535}.Release|Any CPU.ActiveCfg = Release|Any CPU
		{8CA705D1-5B10-487B-B164-3654CC98F535}.Release|Any CPU.Build.0 = Release|Any CPU
		{E79EB8C1-FA30-449D-BFE2-B5A5BE004A2F}.Debug|Any CPU.ActiveCfg = Debug|Any CPU
		{E79EB8C1-FA30-449D-BFE2-B5A5BE004A2F}.Debug|Any CPU.Build.0 = Debug|Any CPU
		{E79EB8C1-FA30-449D-BFE2-B5A5BE004A2F}.Release|Any CPU.ActiveCfg = Release|Any CPU
		{E79EB8C1-FA30-449D-BFE2-B5A5BE004A2F}.Release|Any CPU.Build.0 = Release|Any CPU
	EndGlobalSection
	GlobalSection(SolutionProperties) = preSolution
		HideSolutionNode = FALSE
	EndGlobalSection
	GlobalSection(NestedProjects) = preSolution
		{C077C31C-95A3-4FE8-90B3-040B481A0D26} = {5C9AD501-2497-4EFD-ABAD-E020C15AFEDE}
		{8CA705D1-5B10-487B-B164-3654CC98F535} = {A2984FFA-8403-4FE1-8D5A-A5DC4D379F8D}
		{E79EB8C1-FA30-449D-BFE2-B5A5BE004A2F} = {42583E91-48BD-4C99-8BEB-65EBF403737F}
	EndGlobalSection
	GlobalSection(ExtensibilityGlobals) = postSolution
		SolutionGuid = {9D93BCBC-BB42-438E-8ABF-3B316A49F5A8}
	EndGlobalSection
EndGlobal
